
Microsoft Visual Studio Solution File, Format Version 12.00
# Visual Studio 15
VisualStudioVersion = 15.0.28307.168
MinimumVisualStudioVersion = 10.0.40219.1
Project("{FAE04EC0-301F-11D3-BF4B-00C04F79EFBC}") = "ExcelleciaAuditApp", "ExcelleciaAuditApp\ExcelleciaAuditApp.csproj", "{72DC647A-23BC-409B-904A-C6247F28D9C3}"
EndProject
Project("{FAE04EC0-301F-11D3-BF4B-00C04F79EFBC}") = "modelFirst", "modelFirst\modelFirst.csproj", "{5958A65C-7A92-49F0-9F8B-1E5CFDBC3102}"
EndProject
Project("{FAE04EC0-301F-11D3-BF4B-00C04F79EFBC}") = "HandlingPdf", "HandlingPdf\HandlingPdf.csproj", "{5F5CBFA1-B4D3-419D-8809-3939C40D24FF}"
EndProject
Project("{54435603-DBB4-11D2-8724-00A0C9A8B90C}") = "SetupAuditApp", "SetupAuditApp\SetupAuditApp.vdproj", "{5F7E3059-C645-4327-8EDF-5CAB9987A132}"
EndProject
Global
	GlobalSection(SolutionConfigurationPlatforms) = preSolution
		Debug|Any CPU = Debug|Any CPU
		Release|Any CPU = Release|Any CPU
	EndGlobalSection
	GlobalSection(ProjectConfigurationPlatforms) = postSolution
		{72DC647A-23BC-409B-904A-C6247F28D9C3}.Debug|Any CPU.ActiveCfg = Debug|Any CPU
		{72DC647A-23BC-409B-904A-C6247F28D9C3}.Debug|Any CPU.Build.0 = Debug|Any CPU
		{72DC647A-23BC-409B-904A-C6247F28D9C3}.Release|Any CPU.ActiveCfg = Release|Any CPU
		{72DC647A-23BC-409B-904A-C6247F28D9C3}.Release|Any CPU.Build.0 = Release|Any CPU
		{5958A65C-7A92-49F0-9F8B-1E5CFDBC3102}.Debug|Any CPU.ActiveCfg = Debug|Any CPU
		{5958A65C-7A92-49F0-9F8B-1E5CFDBC3102}.Debug|Any CPU.Build.0 = Debug|Any CPU
		{5958A65C-7A92-49F0-9F8B-1E5CFDBC3102}.Release|Any CPU.ActiveCfg = Release|Any CPU
		{5958A65C-7A92-49F0-9F8B-1E5CFDBC3102}.Release|Any CPU.Build.0 = Release|Any CPU
		{5F5CBFA1-B4D3-419D-8809-3939C40D24FF}.Debug|Any CPU.ActiveCfg = Debug|Any CPU
		{5F5CBFA1-B4D3-419D-8809-3939C40D24FF}.Debug|Any CPU.Build.0 = Debug|Any CPU
		{5F5CBFA1-B4D3-419D-8809-3939C40D24FF}.Release|Any CPU.ActiveCfg = Release|Any CPU
		{5F5CBFA1-B4D3-419D-8809-3939C40D24FF}.Release|Any CPU.Build.0 = Release|Any CPU
		{5F7E3059-C645-4327-8EDF-5CAB9987A132}.Debug|Any CPU.ActiveCfg = Debug
		{5F7E3059-C645-4327-8EDF-5CAB9987A132}.Release|Any CPU.ActiveCfg = Release
	EndGlobalSection
	GlobalSection(SolutionProperties) = preSolution
		HideSolutionNode = FALSE
	EndGlobalSection
	GlobalSection(ExtensibilityGlobals) = postSolution
		SolutionGuid = {F2881E24-E866-415A-8ED8-6BC0D57335E0}
	EndGlobalSection
EndGlobal
